
Microsoft Visual Studio Solution File, Format Version 12.00
# Visual Studio 14
VisualStudioVersion = 14.0.25420.1
MinimumVisualStudioVersion = 10.0.40219.1
Project("{2150E333-8FDC-42A3-9474-1A3956D46DE8}") = "0 - Presentation", "0 - Presentation", "{46ADE86B-5CE5-4A5D-B2AC-2283D3B59917}"
EndProject
Project("{2150E333-8FDC-42A3-9474-1A3956D46DE8}") = "1 - Service", "1 - Service", "{A0A3B6B2-3AD5-4060-93E1-CDAA032CC910}"
EndProject
Project("{2150E333-8FDC-42A3-9474-1A3956D46DE8}") = "2 - Application", "2 - Application", "{E334DB34-BF29-4BA5-A1BD-976529F39E0E}"
EndProject
Project("{2150E333-8FDC-42A3-9474-1A3956D46DE8}") = "3 - Domain", "3 - Domain", "{828DA698-2513-4299-A611-A9A37B0AD0A7}"
EndProject
Project("{2150E333-8FDC-42A3-9474-1A3956D46DE8}") = "4 - Infra", "4 - Infra", "{26076D52-8392-4A7B-B3AB-A20443505B01}"
EndProject
Project("{2150E333-8FDC-42A3-9474-1A3956D46DE8}") = "4.1 - Data", "4.1 - Data", "{71E0A56C-67B2-41A1-87B7-6E0386DCC4AC}"
EndProject
Project("{2150E333-8FDC-42A3-9474-1A3956D46DE8}") = "4.2 - CrossCutting", "4.2 - CrossCutting", "{A6D701E1-8D63-4FF4-B2EB-57A52019EADD}"
EndProject
Project("{FAE04EC0-301F-11D3-BF4B-00C04F79EFBC}") = "Project.MVC", "Project.MVC\Project.MVC\Project.MVC.csproj", "{7E7E0173-C9BD-4FA9-B8CC-92157790BBDE}"
EndProject
Project("{FAE04EC0-301F-11D3-BF4B-00C04F79EFBC}") = "Project.Application", "Project.Application\Project.Application\Project.Application.csproj", "{A833FCBD-1122-4F8D-90D2-3C4FCE948ADE}"
EndProject
Project("{FAE04EC0-301F-11D3-BF4B-00C04F79EFBC}") = "Project.Domain", "Project.Domain\Project.Domain\Project.Domain.csproj", "{F2F48700-544E-4DA4-9F61-41435C2260C6}"
EndProject
Project("{FAE04EC0-301F-11D3-BF4B-00C04F79EFBC}") = "Project.Infra.Data", "Project.Infra.Data\Project.Infra.Data\Project.Infra.Data.csproj", "{51418EC6-8406-49A5-8CD4-897847D479DE}"
EndProject
Project("{2150E333-8FDC-42A3-9474-1A3956D46DE8}") = "IoC", "IoC", "{7AF73BD0-76EF-405D-84A8-1CF4CFE0F4A3}"
EndProject
Project("{2150E333-8FDC-42A3-9474-1A3956D46DE8}") = "Identity", "Identity", "{2C518AE1-92D7-4758-B845-37763CE61483}"
EndProject
Project("{FAE04EC0-301F-11D3-BF4B-00C04F79EFBC}") = "Project.Infra.CrossCutting.IoC", "Project.Infra.CrossCutting.IoC\Project.Infra.CrossCutting.IoC\Project.Infra.CrossCutting.IoC.csproj", "{7B4BCBDC-E2DD-4EE8-BD45-7BDE0578B448}"
EndProject
Project("{FAE04EC0-301F-11D3-BF4B-00C04F79EFBC}") = "Project.Infra.CrossCutting.Identity", "Project.CrossCutting.Identity\Project.Infra.CrossCutting.Identity.csproj", "{3C57D682-AD3A-46BC-B7E0-1CC6BEBFEA6F}"
EndProject
Global
	GlobalSection(SolutionConfigurationPlatforms) = preSolution
		Debug|Any CPU = Debug|Any CPU
		Release|Any CPU = Release|Any CPU
	EndGlobalSection
	GlobalSection(ProjectConfigurationPlatforms) = postSolution
		{7E7E0173-C9BD-4FA9-B8CC-92157790BBDE}.Debug|Any CPU.ActiveCfg = Debug|Any CPU
		{7E7E0173-C9BD-4FA9-B8CC-92157790BBDE}.Debug|Any CPU.Build.0 = Debug|Any CPU
		{7E7E0173-C9BD-4FA9-B8CC-92157790BBDE}.Release|Any CPU.ActiveCfg = Release|Any CPU
		{7E7E0173-C9BD-4FA9-B8CC-92157790BBDE}.Release|Any CPU.Build.0 = Release|Any CPU
		{A833FCBD-1122-4F8D-90D2-3C4FCE948ADE}.Debug|Any CPU.ActiveCfg = Debug|Any CPU
		{A833FCBD-1122-4F8D-90D2-3C4FCE948ADE}.Debug|Any CPU.Build.0 = Debug|Any CPU
		{A833FCBD-1122-4F8D-90D2-3C4FCE948ADE}.Release|Any CPU.ActiveCfg = Release|Any CPU
		{A833FCBD-1122-4F8D-90D2-3C4FCE948ADE}.Release|Any CPU.Build.0 = Release|Any CPU
		{F2F48700-544E-4DA4-9F61-41435C2260C6}.Debug|Any CPU.ActiveCfg = Debug|Any CPU
		{F2F48700-544E-4DA4-9F61-41435C2260C6}.Debug|Any CPU.Build.0 = Debug|Any CPU
		{F2F48700-544E-4DA4-9F61-41435C2260C6}.Release|Any CPU.ActiveCfg = Release|Any CPU
		{F2F48700-544E-4DA4-9F61-41435C2260C6}.Release|Any CPU.Build.0 = Release|Any CPU
		{51418EC6-8406-49A5-8CD4-897847D479DE}.Debug|Any CPU.ActiveCfg = Debug|Any CPU
		{51418EC6-8406-49A5-8CD4-897847D479DE}.Debug|Any CPU.Build.0 = Debug|Any CPU
		{51418EC6-8406-49A5-8CD4-897847D479DE}.Release|Any CPU.ActiveCfg = Release|Any CPU
		{51418EC6-8406-49A5-8CD4-897847D479DE}.Release|Any CPU.Build.0 = Release|Any CPU
		{7B4BCBDC-E2DD-4EE8-BD45-7BDE0578B448}.Debug|Any CPU.ActiveCfg = Debug|Any CPU
		{7B4BCBDC-E2DD-4EE8-BD45-7BDE0578B448}.Debug|Any CPU.Build.0 = Debug|Any CPU
		{7B4BCBDC-E2DD-4EE8-BD45-7BDE0578B448}.Release|Any CPU.ActiveCfg = Release|Any CPU
		{7B4BCBDC-E2DD-4EE8-BD45-7BDE0578B448}.Release|Any CPU.Build.0 = Release|Any CPU
		{3C57D682-AD3A-46BC-B7E0-1CC6BEBFEA6F}.Debug|Any CPU.ActiveCfg = Debug|Any CPU
		{3C57D682-AD3A-46BC-B7E0-1CC6BEBFEA6F}.Debug|Any CPU.Build.0 = Debug|Any CPU
		{3C57D682-AD3A-46BC-B7E0-1CC6BEBFEA6F}.Release|Any CPU.ActiveCfg = Release|Any CPU
		{3C57D682-AD3A-46BC-B7E0-1CC6BEBFEA6F}.Release|Any CPU.Build.0 = Release|Any CPU
	EndGlobalSection
	GlobalSection(SolutionProperties) = preSolution
		HideSolutionNode = FALSE
	EndGlobalSection
	GlobalSection(NestedProjects) = preSolution
		{71E0A56C-67B2-41A1-87B7-6E0386DCC4AC} = {26076D52-8392-4A7B-B3AB-A20443505B01}
		{A6D701E1-8D63-4FF4-B2EB-57A52019EADD} = {26076D52-8392-4A7B-B3AB-A20443505B01}
		{7E7E0173-C9BD-4FA9-B8CC-92157790BBDE} = {46ADE86B-5CE5-4A5D-B2AC-2283D3B59917}
		{A833FCBD-1122-4F8D-90D2-3C4FCE948ADE} = {E334DB34-BF29-4BA5-A1BD-976529F39E0E}
		{F2F48700-544E-4DA4-9F61-41435C2260C6} = {828DA698-2513-4299-A611-A9A37B0AD0A7}
		{51418EC6-8406-49A5-8CD4-897847D479DE} = {71E0A56C-67B2-41A1-87B7-6E0386DCC4AC}
		{7AF73BD0-76EF-405D-84A8-1CF4CFE0F4A3} = {A6D701E1-8D63-4FF4-B2EB-57A52019EADD}
		{2C518AE1-92D7-4758-B845-37763CE61483} = {A6D701E1-8D63-4FF4-B2EB-57A52019EADD}
		{7B4BCBDC-E2DD-4EE8-BD45-7BDE0578B448} = {7AF73BD0-76EF-405D-84A8-1CF4CFE0F4A3}
		{3C57D682-AD3A-46BC-B7E0-1CC6BEBFEA6F} = {2C518AE1-92D7-4758-B845-37763CE61483}
	EndGlobalSection
EndGlobal
